
Microsoft Visual Studio Solution File, Format Version 9.00
# Visual Studio 2005
Project("{8BC9CEB8-8B4A-11D0-8D11-00A0C91BC942}") = "数据结构和算法", "数据结构和算法\数据结构和算法.vcproj", "{E487FBE0-FD4E-43FD-8834-864EC7ECD856}"
EndProject
Global
	GlobalSection(SolutionConfigurationPlatforms) = preSolution
		Debug|Win32 = Debug|Win32
		Release|Win32 = Release|Win32
	EndGlobalSection
	GlobalSection(ProjectConfigurationPlatforms) = postSolution
		{E487FBE0-FD4E-43FD-8834-864EC7ECD856}.Debug|Win32.ActiveCfg = Debug|Win32
		{E487FBE0-FD4E-43FD-8834-864EC7ECD856}.Debug|Win32.Build.0 = Debug|Win32
		{E487FBE0-FD4E-43FD-8834-864EC7ECD856}.Release|Win32.ActiveCfg = Release|Win32
		{E487FBE0-FD4E-43FD-8834-864EC7ECD856}.Release|Win32.Build.0 = Release|Win32
	EndGlobalSection
	GlobalSection(SolutionProperties) = preSolution
		HideSolutionNode = FALSE
	EndGlobalSection
EndGlobal
